{
  "name": "ts",
  "lockfileVersion": 2,
  "requires": true,
  "packages": {
    "": {
      "dependencies": {
        "typescript": "^4.6.0-dev.20211118"
      }
    },
    "node_modules/typescript": {
      "version": "4.6.0-dev.20211118",
      "resolved": "https://registry.npmmirror.com/typescript/download/typescript-4.6.0-dev.20211118.tgz?cache=0&sync_timestamp=1637220413193&other_urls=https%3A%2F%2Fregistry.npmmirror.com%2Ftypescript%2Fdownload%2Ftypescript-4.6.0-dev.20211118.tgz",
      "integrity": "sha512-QPfgtKYsYPSpy2PfjwTWsO8y3RuZzLL+JDbzTwlqkGibYkZ9JfGOhRfkxZZdtHxBkMfzcii9BmAy3RQtzFT06Q==",
      "bin": {
        "tsc": "bin/tsc",
        "tsserver": "bin/tsserver"
      },
      "engines": {
        "node": ">=4.2.0"
      }
    }
  },
  "dependencies": {
    "typescript": {
      "version": "4.6.0-dev.20211118",
      "resolved": "https://registry.npmmirror.com/typescript/download/typescript-4.6.0-dev.20211118.tgz?cache=0&sync_timestamp=1637220413193&other_urls=https%3A%2F%2Fregistry.npmmirror.com%2Ftypescript%2Fdownload%2Ftypescript-4.6.0-dev.20211118.tgz",
      "integrity": "sha512-QPfgtKYsYPSpy2PfjwTWsO8y3RuZzLL+JDbzTwlqkGibYkZ9JfGOhRfkxZZdtHxBkMfzcii9BmAy3RQtzFT06Q=="
    }
  }
}
